
Microsoft Visual Studio Solution File, Format Version 12.00
# Visual Studio Version 16
VisualStudioVersion = 16.0.30907.101
MinimumVisualStudioVersion = 10.0.40219.1
Project("{FAE04EC0-301F-11D3-BF4B-00C04F79EFBC}") = "csharpTutorial", "csharpTutorial\csharpTutorial.csproj", "{5484672E-966F-4DBF-AB66-3E6431114DFA}"
EndProject
Global
	GlobalSection(SolutionConfigurationPlatforms) = preSolution
		Debug|Any CPU = Debug|Any CPU
		Release|Any CPU = Release|Any CPU
	EndGlobalSection
	GlobalSection(ProjectConfigurationPlatforms) = postSolution
		{5484672E-966F-4DBF-AB66-3E6431114DFA}.Debug|Any CPU.ActiveCfg = Debug|Any CPU
		{5484672E-966F-4DBF-AB66-3E6431114DFA}.Debug|Any CPU.Build.0 = Debug|Any CPU
		{5484672E-966F-4DBF-AB66-3E6431114DFA}.Release|Any CPU.ActiveCfg = Release|Any CPU
		{5484672E-966F-4DBF-AB66-3E6431114DFA}.Release|Any CPU.Build.0 = Release|Any CPU
	EndGlobalSection
	GlobalSection(SolutionProperties) = preSolution
		HideSolutionNode = FALSE
	EndGlobalSection
	GlobalSection(ExtensibilityGlobals) = postSolution
		SolutionGuid = {612981C7-CDBD-4761-B488-3A3BE8530535}
	EndGlobalSection
EndGlobal
